PODS:
  - Parsimmon (0.5.0)

DEPENDENCIES:
  - Parsimmon (from `git@github.com:jonsimington/Parsimmon.git`)

EXTERNAL SOURCES:
  Parsimmon:
    :git: git@github.com:jonsimington/Parsimmon.git

CHECKOUT OPTIONS:
  Parsimmon:
    :commit: 84a644139a685a0f9456a41b5fdb475e1a768a6f
    :git: git@github.com:jonsimington/Parsimmon.git

SPEC CHECKSUMS:
  Parsimmon: db98d89de71c085dbc7e839f1296dc73cdeb94bb

COCOAPODS: 0.39.0
